# This file was autogenerated by Stack.
# You should not edit this file by hand.
# For more information, please see the documentation at:
#   https://docs.haskellstack.org/en/stable/lock_files

packages:
- completed:
    hackage: grid-7.8.15@sha256:7fc4a51062c8915e3301774242fbb74bdafcb959e1da17015d5fb1658890eb63,2289
    pantry-tree:
      size: 1880
      sha256: a7003826456a83b2f312f1a81938d31a095218731a51afe828168dfb9ec08069
  original:
    hackage: grid-7.8.15@sha256:7fc4a51062c8915e3301774242fbb74bdafcb959e1da17015d5fb1658890eb63,2289
snapshots:
- completed:
    size: 587126
    url: https://raw.githubusercontent.com/commercialhaskell/stackage-snapshots/master/lts/18/8.yaml
    sha256: 93a107557e8691ed5ca17beaee41e68222b142c48868fc8c04a4181fb233477d
  original: lts-18.8
